
Microsoft Visual Studio Solution File, Format Version 12.00
# Visual Studio 15
VisualStudioVersion = 15.0.28307.1022
MinimumVisualStudioVersion = 10.0.40219.1
Project("{8BC9CEB8-8B4A-11D0-8D11-00A0C91BC942}") = "C++ CSharp", "C++ CSharp\C++ CSharp.vcxproj", "{7DD7AF0D-FD44-417D-A007-624E378A70EA}"
EndProject
Project("{FAE04EC0-301F-11D3-BF4B-00C04F79EFBC}") = "CSharpManagedUnmanaged", "CSharpManagedUnmanaged\CSharpManagedUnmanaged.csproj", "{71BE30C2-9070-4340-879E-20FF1C12C8FF}"
EndProject
Global
	GlobalSection(SolutionConfigurationPlatforms) = preSolution
		Debug|Any CPU = Debug|Any CPU
		Debug|x64 = Debug|x64
		Debug|x86 = Debug|x86
		Release|Any CPU = Release|Any CPU
		Release|x64 = Release|x64
		Release|x86 = Release|x86
	EndGlobalSection
	GlobalSection(ProjectConfigurationPlatforms) = postSolution
		{7DD7AF0D-FD44-417D-A007-624E378A70EA}.Debug|Any CPU.ActiveCfg = Debug|Win32
		{7DD7AF0D-FD44-417D-A007-624E378A70EA}.Debug|x64.ActiveCfg = Debug|x64
		{7DD7AF0D-FD44-417D-A007-624E378A70EA}.Debug|x64.Build.0 = Debug|x64
		{7DD7AF0D-FD44-417D-A007-624E378A70EA}.Debug|x86.ActiveCfg = Debug|Win32
		{7DD7AF0D-FD44-417D-A007-624E378A70EA}.Debug|x86.Build.0 = Debug|Win32
		{7DD7AF0D-FD44-417D-A007-624E378A70EA}.Release|Any CPU.ActiveCfg = Release|Win32
		{7DD7AF0D-FD44-417D-A007-624E378A70EA}.Release|x64.ActiveCfg = Release|x64
		{7DD7AF0D-FD44-417D-A007-624E378A70EA}.Release|x64.Build.0 = Release|x64
		{7DD7AF0D-FD44-417D-A007-624E378A70EA}.Release|x86.ActiveCfg = Release|Win32
		{7DD7AF0D-FD44-417D-A007-624E378A70EA}.Release|x86.Build.0 = Release|Win32
		{71BE30C2-9070-4340-879E-20FF1C12C8FF}.Debug|Any CPU.ActiveCfg = Debug|Any CPU
		{71BE30C2-9070-4340-879E-20FF1C12C8FF}.Debug|Any CPU.Build.0 = Debug|Any CPU
		{71BE30C2-9070-4340-879E-20FF1C12C8FF}.Debug|x64.ActiveCfg = Debug|Any CPU
		{71BE30C2-9070-4340-879E-20FF1C12C8FF}.Debug|x64.Build.0 = Debug|Any CPU
		{71BE30C2-9070-4340-879E-20FF1C12C8FF}.Debug|x86.ActiveCfg = Debug|Any CPU
		{71BE30C2-9070-4340-879E-20FF1C12C8FF}.Debug|x86.Build.0 = Debug|Any CPU
		{71BE30C2-9070-4340-879E-20FF1C12C8FF}.Release|Any CPU.ActiveCfg = Release|Any CPU
		{71BE30C2-9070-4340-879E-20FF1C12C8FF}.Release|Any CPU.Build.0 = Release|Any CPU
		{71BE30C2-9070-4340-879E-20FF1C12C8FF}.Release|x64.ActiveCfg = Release|Any CPU
		{71BE30C2-9070-4340-879E-20FF1C12C8FF}.Release|x64.Build.0 = Release|Any CPU
		{71BE30C2-9070-4340-879E-20FF1C12C8FF}.Release|x86.ActiveCfg = Release|Any CPU
		{71BE30C2-9070-4340-879E-20FF1C12C8FF}.Release|x86.Build.0 = Release|Any CPU
	EndGlobalSection
	GlobalSection(SolutionProperties) = preSolution
		HideSolutionNode = FALSE
	EndGlobalSection
	GlobalSection(ExtensibilityGlobals) = postSolution
		SolutionGuid = {859BD913-0F5A-404A-9472-C0B5A4F9B00A}
	EndGlobalSection
EndGlobal
